// !$*UTF8*$!
{
	archiveVersion = 1;
	classes = {
	};
	objectVersion = 46;
	objects = {

/* Begin PBXBuildFile section */
		20725E2422ABC0D55DC40B04 /* Pods_ecommerce_generic_app.framework in Frameworks */ = {isa = PBXBuildFile; fileRef = 04D690E73C4AAF733423983B /* Pods_ecommerce_generic_app.framework */; };
		7EA4C4A7EB34CB4FF7CE6D38 /* Pods_ecommerce_generic_appTests.framework in Frameworks */ = {isa = PBXBuildFile; fileRef = D9BCA3451B438324107647C4 /* Pods_ecommerce_generic_appTests.framework */; };
		88569DB11F656C4E005B3A38 /* AppDelegate.swift in Sources */ = {isa = PBXBuildFile; fileRef = 88569DB01F656C4E005B3A38 /* AppDelegate.swift */; };
		88569DB31F656C4E005B3A38 /* ViewController.swift in Sources */ = {isa = PBXBuildFile; fileRef = 88569DB21F656C4E005B3A38 /* ViewController.swift */; };
		88569DB61F656C4E005B3A38 /* Main.storyboard in Resources */ = {isa = PBXBuildFile; fileRef = 88569DB41F656C4E005B3A38 /* Main.storyboard */; };
		88569DB81F656C4E005B3A38 /* Assets.xcassets in Resources */ = {isa = PBXBuildFile; fileRef = 88569DB71F656C4E005B3A38 /* Assets.xcassets */; };
		88569DBB1F656C4E005B3A38 /* LaunchScreen.storyboard in Resources */ = {isa = PBXBuildFile; fileRef = 88569DB91F656C4E005B3A38 /* LaunchScreen.storyboard */; };
		88569DC61F656C4E005B3A38 /* ecommerce_generic_appTests.swift in Sources */ = {isa = PBXBuildFile; fileRef = 88569DC51F656C4E005B3A38 /* ecommerce_generic_appTests.swift */; };
		88569DD11F656C4E005B3A38 /* ecommerce_generic_appUITests.swift in Sources */ = {isa = PBXBuildFile; fileRef = 88569DD01F656C4E005B3A38 /* ecommerce_generic_appUITests.swift */; };
		88569DE71F656DC9005B3A38 /* ReadMeServiceLayer in Resources */ = {isa = PBXBuildFile; fileRef = 88569DE61F656DC9005B3A38 /* ReadMeServiceLayer */; };
		88569DE91F656E28005B3A38 /* ReadMeUILayer in Resources */ = {isa = PBXBuildFile; fileRef = 88569DE81F656E28005B3A38 /* ReadMeUILayer */; };
		88569DEB1F656E61005B3A38 /* ReadMeBusinessLayer in Resources */ = {isa = PBXBuildFile; fileRef = 88569DEA1F656E61005B3A38 /* ReadMeBusinessLayer */; };
		88569DED1F656EAE005B3A38 /* ReadMeStorageLayer in Resources */ = {isa = PBXBuildFile; fileRef = 88569DEC1F656EAE005B3A38 /* ReadMeStorageLayer */; };
		88569DF01F657121005B3A38 /* Network.swift in Sources */ = {isa = PBXBuildFile; fileRef = 88569DEF1F657121005B3A38 /* Network.swift */; };
		88569DF21F657589005B3A38 /* NetworkProvider.swift in Sources */ = {isa = PBXBuildFile; fileRef = 88569DF11F657589005B3A38 /* NetworkProvider.swift */; };
		88569DF41F657E65005B3A38 /* CommonServiceProtocol.swift in Sources */ = {isa = PBXBuildFile; fileRef = 88569DF31F657E65005B3A38 /* CommonServiceProtocol.swift */; };
		88569DF61F658377005B3A38 /* HomePage.swift in Sources */ = {isa = PBXBuildFile; fileRef = 88569DF51F658377005B3A38 /* HomePage.swift */; };
		88569DFA1F65842C005B3A38 /* CommonServiceImpl.swift in Sources */ = {isa = PBXBuildFile; fileRef = 88569DF91F65842C005B3A38 /* CommonServiceImpl.swift */; };
		88569DFC1F658526005B3A38 /* Application.swift in Sources */ = {isa = PBXBuildFile; fileRef = 88569DFB1F658526005B3A38 /* Application.swift */; };
		88569DFE1F658533005B3A38 /* Router.swift in Sources */ = {isa = PBXBuildFile; fileRef = 88569DFD1F658533005B3A38 /* Router.swift */; };
		88569E001F658632005B3A38 /* APIUrls.swift in Sources */ = {isa = PBXBuildFile; fileRef = 88569DFF1F658632005B3A38 /* APIUrls.swift */; };
		88569E081F661308005B3A38 /* HomePageVC.swift in Sources */ = {isa = PBXBuildFile; fileRef = 88569E071F661308005B3A38 /* HomePageVC.swift */; };
		88569E0A1F661323005B3A38 /* HomePageViewModel.swift in Sources */ = {isa = PBXBuildFile; fileRef = 88569E091F661323005B3A38 /* HomePageViewModel.swift */; };
		88569E0C1F661340005B3A38 /* BaseVC.swift in Sources */ = {isa = PBXBuildFile; fileRef = 88569E0B1F661340005B3A38 /* BaseVC.swift */; };
		88569E101F6613D3005B3A38 /* ErrorView.swift in Sources */ = {isa = PBXBuildFile; fileRef = 88569E0E1F6613D3005B3A38 /* ErrorView.swift */; };
		88569E111F6613D3005B3A38 /* ErrorView.xib in Resources */ = {isa = PBXBuildFile; fileRef = 88569E0F1F6613D3005B3A38 /* ErrorView.xib */; };
		88569E151F661469005B3A38 /* MaterialButton.swift in Sources */ = {isa = PBXBuildFile; fileRef = 88569E141F661469005B3A38 /* MaterialButton.swift */; };
		88569E181F6615B9005B3A38 /* UIColorExtension.swift in Sources */ = {isa = PBXBuildFile; fileRef = 88569E171F6615B9005B3A38 /* UIColorExtension.swift */; };
		88569E1A1F661618005B3A38 /* UIFontExtension.swift in Sources */ = {isa = PBXBuildFile; fileRef = 88569E191F661618005B3A38 /* UIFontExtension.swift */; };
		88569E1C1F6616A9005B3A38 /* UIDeviceExtension.swift in Sources */ = {isa = PBXBuildFile; fileRef = 88569E1B1F6616A9005B3A38 /* UIDeviceExtension.swift */; };
		88569E231F661AC1005B3A38 /* UIHelper.swift in Sources */ = {isa = PBXBuildFile; fileRef = 88569E221F661AC1005B3A38 /* UIHelper.swift */; };
		88569E2B1F66211C005B3A38 /* Merriweather-Bold.ttf in Resources */ = {isa = PBXBuildFile; fileRef = 88569E251F66211C005B3A38 /* Merriweather-Bold.ttf */; };
		88569E2C1F66211C005B3A38 /* Merriweather-Regular.ttf in Resources */ = {isa = PBXBuildFile; fileRef = 88569E261F66211C005B3A38 /* Merriweather-Regular.ttf */; };
		88569E2D1F66211C005B3A38 /* Rawline-Bold.ttf in Resources */ = {isa = PBXBuildFile; fileRef = 88569E271F66211C005B3A38 /* Rawline-Bold.ttf */; };
		88569E2E1F66211C005B3A38 /* Rawline-Light.ttf in Resources */ = {isa = PBXBuildFile; fileRef = 88569E281F66211C005B3A38 /* Rawline-Light.ttf */; };
		88569E2F1F66211C005B3A38 /* Rawline-Medium.ttf in Resources */ = {isa = PBXBuildFile; fileRef = 88569E291F66211C005B3A38 /* Rawline-Medium.ttf */; };
		88569E301F66211C005B3A38 /* Rawline-Regular.ttf in Resources */ = {isa = PBXBuildFile; fileRef = 88569E2A1F66211C005B3A38 /* Rawline-Regular.ttf */; };
		88569E321F66229A005B3A38 /* UIStoryboardExtension.swift in Sources */ = {isa = PBXBuildFile; fileRef = 88569E311F66229A005B3A38 /* UIStoryboardExtension.swift */; };
		92973A01F8A4380E9F790F17 /* Pods_ecommerce_generic_appUITests.framework in Frameworks */ = {isa = PBXBuildFile; fileRef = 1205157C2D49E496DCEE292C /* Pods_ecommerce_generic_appUITests.framework */; };
/* End PBXBuildFile section */

/* Begin PBXContainerItemProxy section */
		88569DC21F656C4E005B3A38 /* PBXContainerItemProxy */ = {
			isa = PBXContainerItemProxy;
			containerPortal = 88569DA51F656C4E005B3A38 /* Project object */;
			proxyType = 1;
			remoteGlobalIDString = 88569DAC1F656C4E005B3A38;
			remoteInfo = "ecommerce-generic-app";
		};
		88569DCD1F656C4E005B3A38 /* PBXContainerItemProxy */ = {
			isa = PBXContainerItemProxy;
			containerPortal = 88569DA51F656C4E005B3A38 /* Project object */;
			proxyType = 1;
			remoteGlobalIDString = 88569DAC1F656C4E005B3A38;
			remoteInfo = "ecommerce-generic-app";
		};
/* End PBXContainerItemProxy section */

/* Begin PBXFileReference section */
		04D690E73C4AAF733423983B /* Pods_ecommerce_generic_app.framework */ = {isa = PBXFileReference; explicitFileType = wrapper.framework; includeInIndex = 0; path = Pods_ecommerce_generic_app.framework; sourceTree = BUILT_PRODUCTS_DIR; };
		1205157C2D49E496DCEE292C /* Pods_ecommerce_generic_appUITests.framework */ = {isa = PBXFileReference; explicitFileType = wrapper.framework; includeInIndex = 0; path = Pods_ecommerce_generic_appUITests.framework; sourceTree = BUILT_PRODUCTS_DIR; };
		38555E8BFB41C1D13B981735 /* Pods-ecommerce-generic-appTests.debug.xcconfig */ = {isa = PBXFileReference; includeInIndex = 1; lastKnownFileType = text.xcconfig; name = "Pods-ecommerce-generic-appTests.debug.xcconfig"; path = "Pods/Target Support Files/Pods-ecommerce-generic-appTests/Pods-ecommerce-generic-appTests.debug.xcconfig"; sourceTree = "<group>"; };
		3FF61786E3F011B556F2CFAF /* Pods-ecommerce-generic-app.debug.xcconfig */ = {isa = PBXFileReference; includeInIndex = 1; lastKnownFileType = text.xcconfig; name = "Pods-ecommerce-generic-app.debug.xcconfig"; path = "Pods/Target Support Files/Pods-ecommerce-generic-app/Pods-ecommerce-generic-app.debug.xcconfig"; sourceTree = "<group>"; };
		42E75A2F3F189CB870B90E1D /* Pods-ecommerce-generic-appUITests.debug.xcconfig */ = {isa = PBXFileReference; includeInIndex = 1; lastKnownFileType = text.xcconfig; name = "Pods-ecommerce-generic-appUITests.debug.xcconfig"; path = "Pods/Target Support Files/Pods-ecommerce-generic-appUITests/Pods-ecommerce-generic-appUITests.debug.xcconfig"; sourceTree = "<group>"; };
		62AD29A6DE21F6FAEF60DB79 /* Pods-ecommerce-generic-appUITests.release.xcconfig */ = {isa = PBXFileReference; includeInIndex = 1; lastKnownFileType = text.xcconfig; name = "Pods-ecommerce-generic-appUITests.release.xcconfig"; path = "Pods/Target Support Files/Pods-ecommerce-generic-appUITests/Pods-ecommerce-generic-appUITests.release.xcconfig"; sourceTree = "<group>"; };
		88569DAD1F656C4E005B3A38 /* ecommerce-generic-app.app */ = {isa = PBXFileReference; explicitFileType = wrapper.application; includeInIndex = 0; path = "ecommerce-generic-app.app"; sourceTree = BUILT_PRODUCTS_DIR; };
		88569DB01F656C4E005B3A38 /* AppDelegate.swift */ = {isa = PBXFileReference; lastKnownFileType = sourcecode.swift; path = AppDelegate.swift; sourceTree = "<group>"; };
		88569DB21F656C4E005B3A38 /* ViewController.swift */ = {isa = PBXFileReference; lastKnownFileType = sourcecode.swift; path = ViewController.swift; sourceTree = "<group>"; };
		88569DB51F656C4E005B3A38 /* Base */ = {isa = PBXFileReference; lastKnownFileType = file.storyboard; name = Base; path = Base.lproj/Main.storyboard; sourceTree = "<group>"; };
		88569DB71F656C4E005B3A38 /* Assets.xcassets */ = {isa = PBXFileReference; lastKnownFileType = folder.assetcatalog; path = Assets.xcassets; sourceTree = "<group>"; };
		88569DBA1F656C4E005B3A38 /* Base */ = {isa = PBXFileReference; lastKnownFileType = file.storyboard; name = Base; path = Base.lproj/LaunchScreen.storyboard; sourceTree = "<group>"; };
		88569DBC1F656C4E005B3A38 /* Info.plist */ = {isa = PBXFileReference; lastKnownFileType = text.plist.xml; path = Info.plist; sourceTree = "<group>"; };
		88569DC11F656C4E005B3A38 /* ecommerce-generic-appTests.xctest */ = {isa = PBXFileReference; explicitFileType = wrapper.cfbundle; includeInIndex = 0; path = "ecommerce-generic-appTests.xctest"; sourceTree = BUILT_PRODUCTS_DIR; };
		88569DC51F656C4E005B3A38 /* ecommerce_generic_appTests.swift */ = {isa = PBXFileReference; lastKnownFileType = sourcecode.swift; path = ecommerce_generic_appTests.swift; sourceTree = "<group>"; };
		88569DC71F656C4E005B3A38 /* Info.plist */ = {isa = PBXFileReference; lastKnownFileType = text.plist.xml; path = Info.plist; sourceTree = "<group>"; };
		88569DCC1F656C4E005B3A38 /* ecommerce-generic-appUITests.xctest */ = {isa = PBXFileReference; explicitFileType = wrapper.cfbundle; includeInIndex = 0; path = "ecommerce-generic-appUITests.xctest"; sourceTree = BUILT_PRODUCTS_DIR; };
		88569DD01F656C4E005B3A38 /* ecommerce_generic_appUITests.swift */ = {isa = PBXFileReference; lastKnownFileType = sourcecode.swift; path = ecommerce_generic_appUITests.swift; sourceTree = "<group>"; };
		88569DD21F656C4E005B3A38 /* Info.plist */ = {isa = PBXFileReference; lastKnownFileType = text.plist.xml; path = Info.plist; sourceTree = "<group>"; };
		88569DE61F656DC9005B3A38 /* ReadMeServiceLayer */ = {isa = PBXFileReference; fileEncoding = 4; lastKnownFileType = text; path = ReadMeServiceLayer; sourceTree = "<group>"; };
		88569DE81F656E28005B3A38 /* ReadMeUILayer */ = {isa = PBXFileReference; fileEncoding = 4; lastKnownFileType = text; path = ReadMeUILayer; sourceTree = "<group>"; };
		88569DEA1F656E61005B3A38 /* ReadMeBusinessLayer */ = {isa = PBXFileReference; fileEncoding = 4; lastKnownFileType = text; path = ReadMeBusinessLayer; sourceTree = "<group>"; };
		88569DEC1F656EAE005B3A38 /* ReadMeStorageLayer */ = {isa = PBXFileReference; fileEncoding = 4; lastKnownFileType = text; path = ReadMeStorageLayer; sourceTree = "<group>"; };
		88569DEF1F657121005B3A38 /* Network.swift */ = {isa = PBXFileReference; fileEncoding = 4; lastKnownFileType = sourcecode.swift; path = Network.swift; sourceTree = "<group>"; };
		88569DF11F657589005B3A38 /* NetworkProvider.swift */ = {isa = PBXFileReference; fileEncoding = 4; lastKnownFileType = sourcecode.swift; path = NetworkProvider.swift; sourceTree = "<group>"; };
		88569DF31F657E65005B3A38 /* CommonServiceProtocol.swift */ = {isa = PBXFileReference; fileEncoding = 4; lastKnownFileType = sourcecode.swift; path = CommonServiceProtocol.swift; sourceTree = "<group>"; };
		88569DF51F658377005B3A38 /* HomePage.swift */ = {isa = PBXFileReference; fileEncoding = 4; lastKnownFileType = sourcecode.swift; path = HomePage.swift; sourceTree = "<group>"; };
		88569DF91F65842C005B3A38 /* CommonServiceImpl.swift */ = {isa = PBXFileReference; fileEncoding = 4; lastKnownFileType = sourcecode.swift; path = CommonServiceImpl.swift; sourceTree = "<group>"; };
		88569DFB1F658526005B3A38 /* Application.swift */ = {isa = PBXFileReference; fileEncoding = 4; lastKnownFileType = sourcecode.swift; path = Application.swift; sourceTree = "<group>"; };
		88569DFD1F658533005B3A38 /* Router.swift */ = {isa = PBXFileReference; fileEncoding = 4; lastKnownFileType = sourcecode.swift; path = Router.swift; sourceTree = "<group>"; };
		88569DFF1F658632005B3A38 /* APIUrls.swift */ = {isa = PBXFileReference; fileEncoding = 4; lastKnownFileType = sourcecode.swift; path = APIUrls.swift; sourceTree = "<group>"; };
		88569E071F661308005B3A38 /* HomePageVC.swift */ = {isa = PBXFileReference; fileEncoding = 4; lastKnownFileType = sourcecode.swift; path = HomePageVC.swift; sourceTree = "<group>"; };
		88569E091F661323005B3A38 /* HomePageViewModel.swift */ = {isa = PBXFileReference; fileEncoding = 4; lastKnownFileType = sourcecode.swift; path = HomePageViewModel.swift; sourceTree = "<group>"; };
		88569E0B1F661340005B3A38 /* BaseVC.swift */ = {isa = PBXFileReference; fileEncoding = 4; lastKnownFileType = sourcecode.swift; path = BaseVC.swift; sourceTree = "<group>"; };
		88569E0E1F6613D3005B3A38 /* ErrorView.swift */ = {isa = PBXFileReference; fileEncoding = 4; lastKnownFileType = sourcecode.swift; path = ErrorView.swift; sourceTree = "<group>"; };
		88569E0F1F6613D3005B3A38 /* ErrorView.xib */ = {isa = PBXFileReference; fileEncoding = 4; lastKnownFileType = file.xib; path = ErrorView.xib; sourceTree = "<group>"; };
		88569E141F661469005B3A38 /* MaterialButton.swift */ = {isa = PBXFileReference; fileEncoding = 4; lastKnownFileType = sourcecode.swift; path = MaterialButton.swift; sourceTree = "<group>"; };
		88569E171F6615B9005B3A38 /* UIColorExtension.swift */ = {isa = PBXFileReference; fileEncoding = 4; lastKnownFileType = sourcecode.swift; path = UIColorExtension.swift; sourceTree = "<group>"; };
		88569E191F661618005B3A38 /* UIFontExtension.swift */ = {isa = PBXFileReference; fileEncoding = 4; lastKnownFileType = sourcecode.swift; path = UIFontExtension.swift; sourceTree = "<group>"; };
		88569E1B1F6616A9005B3A38 /* UIDeviceExtension.swift */ = {isa = PBXFileReference; fileEncoding = 4; lastKnownFileType = sourcecode.swift; path = UIDeviceExtension.swift; sourceTree = "<group>"; };
		88569E221F661AC1005B3A38 /* UIHelper.swift */ = {isa = PBXFileReference; fileEncoding = 4; lastKnownFileType = sourcecode.swift; path = UIHelper.swift; sourceTree = "<group>"; };
		88569E251F66211C005B3A38 /* Merriweather-Bold.ttf */ = {isa = PBXFileReference; lastKnownFileType = file; path = "Merriweather-Bold.ttf"; sourceTree = "<group>"; };
		88569E261F66211C005B3A38 /* Merriweather-Regular.ttf */ = {isa = PBXFileReference; lastKnownFileType = file; path = "Merriweather-Regular.ttf"; sourceTree = "<group>"; };
		88569E271F66211C005B3A38 /* Rawline-Bold.ttf */ = {isa = PBXFileReference; lastKnownFileType = file; path = "Rawline-Bold.ttf"; sourceTree = "<group>"; };
		88569E281F66211C005B3A38 /* Rawline-Light.ttf */ = {isa = PBXFileReference; lastKnownFileType = file; path = "Rawline-Light.ttf"; sourceTree = "<group>"; };
		88569E291F66211C005B3A38 /* Rawline-Medium.ttf */ = {isa = PBXFileReference; lastKnownFileType = file; path = "Rawline-Medium.ttf"; sourceTree = "<group>"; };
		88569E2A1F66211C005B3A38 /* Rawline-Regular.ttf */ = {isa = PBXFileReference; lastKnownFileType = file; path = "Rawline-Regular.ttf"; sourceTree = "<group>"; };
		88569E311F66229A005B3A38 /* UIStoryboardExtension.swift */ = {isa = PBXFileReference; fileEncoding = 4; lastKnownFileType = sourcecode.swift; path = UIStoryboardExtension.swift; sourceTree = "<group>"; };
		D9BCA3451B438324107647C4 /* Pods_ecommerce_generic_appTests.framework */ = {isa = PBXFileReference; explicitFileType = wrapper.framework; includeInIndex = 0; path = Pods_ecommerce_generic_appTests.framework; sourceTree = BUILT_PRODUCTS_DIR; };
		E0D02BF6FA8909DCE1889BC1 /* Pods-ecommerce-generic-appTests.release.xcconfig */ = {isa = PBXFileReference; includeInIndex = 1; lastKnownFileType = text.xcconfig; name = "Pods-ecommerce-generic-appTests.release.xcconfig"; path = "Pods/Target Support Files/Pods-ecommerce-generic-appTests/Pods-ecommerce-generic-appTests.release.xcconfig"; sourceTree = "<group>"; };
		E999AE068C72BAAE985BA31A /* Pods-ecommerce-generic-app.release.xcconfig */ = {isa = PBXFileReference; includeInIndex = 1; lastKnownFileType = text.xcconfig; name = "Pods-ecommerce-generic-app.release.xcconfig"; path = "Pods/Target Support Files/Pods-ecommerce-generic-app/Pods-ecommerce-generic-app.release.xcconfig"; sourceTree = "<group>"; };
/* End PBXFileReference section */

/* Begin PBXFrameworksBuildPhase section */
		88569DAA1F656C4E005B3A38 /* Frameworks */ = {
			isa = PBXFrameworksBuildPhase;
			buildActionMask = 2147483647;
			files = (
				20725E2422ABC0D55DC40B04 /* Pods_ecommerce_generic_app.framework in Frameworks */,
			);
			runOnlyForDeploymentPostprocessing = 0;
		};
		88569DBE1F656C4E005B3A38 /* Frameworks */ = {
			isa = PBXFrameworksBuildPhase;
			buildActionMask = 2147483647;
			files = (
				7EA4C4A7EB34CB4FF7CE6D38 /* Pods_ecommerce_generic_appTests.framework in Frameworks */,
			);
			runOnlyForDeploymentPostprocessing = 0;
		};
		88569DC91F656C4E005B3A38 /* Frameworks */ = {
			isa = PBXFrameworksBuildPhase;
			buildActionMask = 2147483647;
			files = (
				92973A01F8A4380E9F790F17 /* Pods_ecommerce_generic_appUITests.framework in Frameworks */,
			);
			runOnlyForDeploymentPostprocessing = 0;
		};
/* End PBXFrameworksBuildPhase section */

/* Begin PBXGroup section */
		81E547FCCB57EEDD2C80C1EC /* Pods */ = {
			isa = PBXGroup;
			children = (
				3FF61786E3F011B556F2CFAF /* Pods-ecommerce-generic-app.debug.xcconfig */,
				E999AE068C72BAAE985BA31A /* Pods-ecommerce-generic-app.release.xcconfig */,
				38555E8BFB41C1D13B981735 /* Pods-ecommerce-generic-appTests.debug.xcconfig */,
				E0D02BF6FA8909DCE1889BC1 /* Pods-ecommerce-generic-appTests.release.xcconfig */,
				42E75A2F3F189CB870B90E1D /* Pods-ecommerce-generic-appUITests.debug.xcconfig */,
				62AD29A6DE21F6FAEF60DB79 /* Pods-ecommerce-generic-appUITests.release.xcconfig */,
			);
			name = Pods;
			sourceTree = "<group>";
		};
		88569DA41F656C4E005B3A38 = {
			isa = PBXGroup;
			children = (
				88569DAF1F656C4E005B3A38 /* ecommerce-generic-app */,
				88569DC41F656C4E005B3A38 /* ecommerce-generic-appTests */,
				88569DCF1F656C4E005B3A38 /* ecommerce-generic-appUITests */,
				88569DAE1F656C4E005B3A38 /* Products */,
				81E547FCCB57EEDD2C80C1EC /* Pods */,
				CA60D225EA1521C3FC6D3D76 /* Frameworks */,
			);
			sourceTree = "<group>";
		};
		88569DAE1F656C4E005B3A38 /* Products */ = {
			isa = PBXGroup;
			children = (
				88569DAD1F656C4E005B3A38 /* ecommerce-generic-app.app */,
				88569DC11F656C4E005B3A38 /* ecommerce-generic-appTests.xctest */,
				88569DCC1F656C4E005B3A38 /* ecommerce-generic-appUITests.xctest */,
			);
			name = Products;
			sourceTree = "<group>";
		};
		88569DAF1F656C4E005B3A38 /* ecommerce-generic-app */ = {
			isa = PBXGroup;
			children = (
				88569E241F66210F005B3A38 /* Resources */,
				88569E161F66157A005B3A38 /* Extensions */,
				88569DE11F656C75005B3A38 /* Storage Layer */,
				88569DE01F656C6C005B3A38 /* UI Layer */,
				88569DDF1F656C63005B3A38 /* Business Layer */,
				88569DDE1F656C59005B3A38 /* Service Layer */,
				88569DB01F656C4E005B3A38 /* AppDelegate.swift */,
				88569DB21F656C4E005B3A38 /* ViewController.swift */,
				88569DB41F656C4E005B3A38 /* Main.storyboard */,
				88569DB71F656C4E005B3A38 /* Assets.xcassets */,
				88569DB91F656C4E005B3A38 /* LaunchScreen.storyboard */,
				88569DBC1F656C4E005B3A38 /* Info.plist */,
			);
			path = "ecommerce-generic-app";
			sourceTree = "<group>";
		};
		88569DC41F656C4E005B3A38 /* ecommerce-generic-appTests */ = {
			isa = PBXGroup;
			children = (
				88569DC51F656C4E005B3A38 /* ecommerce_generic_appTests.swift */,
				88569DC71F656C4E005B3A38 /* Info.plist */,
			);
			path = "ecommerce-generic-appTests";
			sourceTree = "<group>";
		};
		88569DCF1F656C4E005B3A38 /* ecommerce-generic-appUITests */ = {
			isa = PBXGroup;
			children = (
				88569DD01F656C4E005B3A38 /* ecommerce_generic_appUITests.swift */,
				88569DD21F656C4E005B3A38 /* Info.plist */,
			);
			path = "ecommerce-generic-appUITests";
			sourceTree = "<group>";
		};
		88569DDE1F656C59005B3A38 /* Service Layer */ = {
			isa = PBXGroup;
			children = (
				88569DE61F656DC9005B3A38 /* ReadMeServiceLayer */,
				88569DE31F656D0F005B3A38 /* External Data services */,
				88569DE21F656CC5005B3A38 /* Networking */,
			);
			name = "Service Layer";
			sourceTree = "<group>";
		};
		88569DDF1F656C63005B3A38 /* Business Layer */ = {
			isa = PBXGroup;
			children = (
				88569DE51F656D44005B3A38 /* Managers */,
				88569DE41F656D34005B3A38 /* Router */,
				88569DEA1F656E61005B3A38 /* ReadMeBusinessLayer */,
			);
			name = "Business Layer";
			sourceTree = "<group>";
		};
		88569DE01F656C6C005B3A38 /* UI Layer */ = {
			isa = PBXGroup;
			children = (
				88569E121F661421005B3A38 /* Components */,
				88569E051F6612B4005B3A38 /* Common */,
				88569E011F661270005B3A38 /* HomePage */,
				88569DE81F656E28005B3A38 /* ReadMeUILayer */,
				88569E221F661AC1005B3A38 /* UIHelper.swift */,
			);
			name = "UI Layer";
			sourceTree = "<group>";
		};
		88569DE11F656C75005B3A38 /* Storage Layer */ = {
			isa = PBXGroup;
			children = (
				88569DEC1F656EAE005B3A38 /* ReadMeStorageLayer */,
			);
			name = "Storage Layer";
			sourceTree = "<group>";
		};
		88569DE21F656CC5005B3A38 /* Networking */ = {
			isa = PBXGroup;
			children = (
				88569DF81F65840C005B3A38 /* ServiceImpl */,
				88569DF71F6583BB005B3A38 /* Protocols */,
				88569DEE1F65702E005B3A38 /* Model */,
				88569DF11F657589005B3A38 /* NetworkProvider.swift */,
				88569DFF1F658632005B3A38 /* APIUrls.swift */,
			);
			name = Networking;
			sourceTree = "<group>";
		};
		88569DE31F656D0F005B3A38 /* External Data services */ = {
			isa = PBXGroup;
			children = (
			);
			name = "External Data services";
			sourceTree = "<group>";
		};
		88569DE41F656D34005B3A38 /* Router */ = {
			isa = PBXGroup;
			children = (
				88569DFB1F658526005B3A38 /* Application.swift */,
				88569DFD1F658533005B3A38 /* Router.swift */,
			);
			name = Router;
			sourceTree = "<group>";
		};
		88569DE51F656D44005B3A38 /* Managers */ = {
			isa = PBXGroup;
			children = (
			);
			name = Managers;
			sourceTree = "<group>";
		};
		88569DEE1F65702E005B3A38 /* Model */ = {
			isa = PBXGroup;
			children = (
				88569DF51F658377005B3A38 /* HomePage.swift */,
			);
			name = Model;
			sourceTree = "<group>";
		};
		88569DF71F6583BB005B3A38 /* Protocols */ = {
			isa = PBXGroup;
			children = (
				88569DF31F657E65005B3A38 /* CommonServiceProtocol.swift */,
				88569DEF1F657121005B3A38 /* Network.swift */,
			);
			name = Protocols;
			sourceTree = "<group>";
		};
		88569DF81F65840C005B3A38 /* ServiceImpl */ = {
			isa = PBXGroup;
			children = (
				88569DF91F65842C005B3A38 /* CommonServiceImpl.swift */,
			);
			name = ServiceImpl;
			sourceTree = "<group>";
		};
		88569E011F661270005B3A38 /* HomePage */ = {
			isa = PBXGroup;
			children = (
				88569E041F6612A1005B3A38 /* ViewModels */,
				88569E031F66128A005B3A38 /* ViewControllers */,
				88569E021F661283005B3A38 /* Views */,
			);
			name = HomePage;
			sourceTree = "<group>";
		};
		88569E021F661283005B3A38 /* Views */ = {
			isa = PBXGroup;
			children = (
			);
			name = Views;
			sourceTree = "<group>";
		};
		88569E031F66128A005B3A38 /* ViewControllers */ = {
			isa = PBXGroup;
			children = (
				88569E071F661308005B3A38 /* HomePageVC.swift */,
			);
			name = ViewControllers;
			sourceTree = "<group>";
		};
		88569E041F6612A1005B3A38 /* ViewModels */ = {
			isa = PBXGroup;
			children = (
				88569E091F661323005B3A38 /* HomePageViewModel.swift */,
			);
			name = ViewModels;
			sourceTree = "<group>";
		};
		88569E051F6612B4005B3A38 /* Common */ = {
			isa = PBXGroup;
			children = (
				88569E0D1F661348005B3A38 /* Views */,
				88569E061F6612C4005B3A38 /* ViewControllers */,
			);
			name = Common;
			sourceTree = "<group>";
		};
		88569E061F6612C4005B3A38 /* ViewControllers */ = {
			isa = PBXGroup;
			children = (
				88569E0B1F661340005B3A38 /* BaseVC.swift */,
			);
			name = ViewControllers;
			sourceTree = "<group>";
		};
		88569E0D1F661348005B3A38 /* Views */ = {
			isa = PBXGroup;
			children = (
			);
			name = Views;
			sourceTree = "<group>";
		};
		88569E121F661421005B3A38 /* Components */ = {
			isa = PBXGroup;
			children = (
				88569E131F661440005B3A38 /* ErrorView */,
				88569E141F661469005B3A38 /* MaterialButton.swift */,
			);
			name = Components;
			sourceTree = "<group>";
		};
		88569E131F661440005B3A38 /* ErrorView */ = {
			isa = PBXGroup;
			children = (
				88569E0E1F6613D3005B3A38 /* ErrorView.swift */,
				88569E0F1F6613D3005B3A38 /* ErrorView.xib */,
			);
			name = ErrorView;
			sourceTree = "<group>";
		};
		88569E161F66157A005B3A38 /* Extensions */ = {
			isa = PBXGroup;
			children = (
				88569E171F6615B9005B3A38 /* UIColorExtension.swift */,
				88569E191F661618005B3A38 /* UIFontExtension.swift */,
				88569E1B1F6616A9005B3A38 /* UIDeviceExtension.swift */,
				88569E311F66229A005B3A38 /* UIStoryboardExtension.swift */,
			);
			name = Extensions;
			sourceTree = "<group>";
		};
		88569E241F66210F005B3A38 /* Resources */ = {
			isa = PBXGroup;
			children = (
				88569E251F66211C005B3A38 /* Merriweather-Bold.ttf */,
				88569E261F66211C005B3A38 /* Merriweather-Regular.ttf */,
				88569E271F66211C005B3A38 /* Rawline-Bold.ttf */,
				88569E281F66211C005B3A38 /* Rawline-Light.ttf */,
				88569E291F66211C005B3A38 /* Rawline-Medium.ttf */,
				88569E2A1F66211C005B3A38 /* Rawline-Regular.ttf */,
			);
			name = Resources;
			sourceTree = "<group>";
		};
		CA60D225EA1521C3FC6D3D76 /* Frameworks */ = {
			isa = PBXGroup;
			children = (
				04D690E73C4AAF733423983B /* Pods_ecommerce_generic_app.framework */,
				D9BCA3451B438324107647C4 /* Pods_ecommerce_generic_appTests.framework */,
				1205157C2D49E496DCEE292C /* Pods_ecommerce_generic_appUITests.framework */,
			);
			name = Frameworks;
			sourceTree = "<group>";
		};
/* End PBXGroup section */

/* Begin PBXNativeTarget section */
		88569DAC1F656C4E005B3A38 /* ecommerce-generic-app */ = {
			isa = PBXNativeTarget;
			buildConfigurationList = 88569DD51F656C4E005B3A38 /* Build configuration list for PBXNativeTarget "ecommerce-generic-app" */;
			buildPhases = (
				066E5BE5B54CDF2DE7E7D98B /* [CP] Check Pods Manifest.lock */,
				88569DA91F656C4E005B3A38 /* Sources */,
				88569DAA1F656C4E005B3A38 /* Frameworks */,
				88569DAB1F656C4E005B3A38 /* Resources */,
				9AA5B909EFA0D07ABC63E0A4 /* [CP] Embed Pods Frameworks */,
				73C11EFA079DC9D9417AD856 /* [CP] Copy Pods Resources */,
			);
			buildRules = (
			);
			dependencies = (
			);
			name = "ecommerce-generic-app";
			productName = "ecommerce-generic-app";
			productReference = 88569DAD1F656C4E005B3A38 /* ecommerce-generic-app.app */;
			productType = "com.apple.product-type.application";
		};
		88569DC01F656C4E005B3A38 /* ecommerce-generic-appTests */ = {
			isa = PBXNativeTarget;
			buildConfigurationList = 88569DD81F656C4E005B3A38 /* Build configuration list for PBXNativeTarget "ecommerce-generic-appTests" */;
			buildPhases = (
				C3B68A5557BE623E5EF4A7A3 /* [CP] Check Pods Manifest.lock */,
				88569DBD1F656C4E005B3A38 /* Sources */,
				88569DBE1F656C4E005B3A38 /* Frameworks */,
				88569DBF1F656C4E005B3A38 /* Resources */,
				6F7D6BA0C77B1D3265DC6E4B /* [CP] Embed Pods Frameworks */,
				CEF0223DFFD5E15752B45A6B /* [CP] Copy Pods Resources */,
			);
			buildRules = (
			);
			dependencies = (
				88569DC31F656C4E005B3A38 /* PBXTargetDependency */,
			);
			name = "ecommerce-generic-appTests";
			productName = "ecommerce-generic-appTests";
			productReference = 88569DC11F656C4E005B3A38 /* ecommerce-generic-appTests.xctest */;
			productType = "com.apple.product-type.bundle.unit-test";
		};
		88569DCB1F656C4E005B3A38 /* ecommerce-generic-appUITests */ = {
			isa = PBXNativeTarget;
			buildConfigurationList = 88569DDB1F656C4E005B3A38 /* Build configuration list for PBXNativeTarget "ecommerce-generic-appUITests" */;
			buildPhases = (
				DC37730D42A8DE2EBAB5AC5B /* [CP] Check Pods Manifest.lock */,
				88569DC81F656C4E005B3A38 /* Sources */,
				88569DC91F656C4E005B3A38 /* Frameworks */,
				88569DCA1F656C4E005B3A38 /* Resources */,
				D308E29E05CF5408564BC75B /* [CP] Embed Pods Frameworks */,
				B9604CA444B84D7E066377AB /* [CP] Copy Pods Resources */,
			);
			buildRules = (
			);
			dependencies = (
				88569DCE1F656C4E005B3A38 /* PBXTargetDependency */,
			);
			name = "ecommerce-generic-appUITests";
			productName = "ecommerce-generic-appUITests";
			productReference = 88569DCC1F656C4E005B3A38 /* ecommerce-generic-appUITests.xctest */;
			productType = "com.apple.product-type.bundle.ui-testing";
		};
/* End PBXNativeTarget section */

/* Begin PBXProject section */
		88569DA51F656C4E005B3A38 /* Project object */ = {
			isa = PBXProject;
			attributes = {
				LastSwiftUpdateCheck = 0820;
				LastUpgradeCheck = 0820;
				ORGANIZATIONNAME = Ansu;
				TargetAttributes = {
					88569DAC1F656C4E005B3A38 = {
						CreatedOnToolsVersion = 8.2.1;
						DevelopmentTeam = M35DLYREN6;
						ProvisioningStyle = Automatic;
					};
					88569DC01F656C4E005B3A38 = {
						CreatedOnToolsVersion = 8.2.1;
						DevelopmentTeam = M35DLYREN6;
						ProvisioningStyle = Automatic;
						TestTargetID = 88569DAC1F656C4E005B3A38;
					};
					88569DCB1F656C4E005B3A38 = {
						CreatedOnToolsVersion = 8.2.1;
						DevelopmentTeam = M35DLYREN6;
						ProvisioningStyle = Automatic;
						TestTargetID = 88569DAC1F656C4E005B3A38;
					};
				};
			};
			buildConfigurationList = 88569DA81F656C4E005B3A38 /* Build configuration list for PBXProject "ecommerce-generic-app" */;
			compatibilityVersion = "Xcode 3.2";
			developmentRegion = English;
			hasScannedForEncodings = 0;
			knownRegions = (
				en,
				Base,
			);
			mainGroup = 88569DA41F656C4E005B3A38;
			productRefGroup = 88569DAE1F656C4E005B3A38 /* Products */;
			projectDirPath = "";
			projectRoot = "";
			targets = (
				88569DAC1F656C4E005B3A38 /* ecommerce-generic-app */,
				88569DC01F656C4E005B3A38 /* ecommerce-generic-appTests */,
				88569DCB1F656C4E005B3A38 /* ecommerce-generic-appUITests */,
			);
		};
/* End PBXProject section */

/* Begin PBXResourcesBuildPhase section */
		88569DAB1F656C4E005B3A38 /* Resources */ = {
			isa = PBXResourcesBuildPhase;
			buildActionMask = 2147483647;
			files = (
				88569E2E1F66211C005B3A38 /* Rawline-Light.ttf in Resources */,
				88569DEB1F656E61005B3A38 /* ReadMeBusinessLayer in Resources */,
				88569E2F1F66211C005B3A38 /* Rawline-Medium.ttf in Resources */,
				88569DE91F656E28005B3A38 /* ReadMeUILayer in Resources */,
				88569DED1F656EAE005B3A38 /* ReadMeStorageLayer in Resources */,
				88569E111F6613D3005B3A38 /* ErrorView.xib in Resources */,
				88569E2D1F66211C005B3A38 /* Rawline-Bold.ttf in Resources */,
				88569E2C1F66211C005B3A38 /* Merriweather-Regular.ttf in Resources */,
				88569E301F66211C005B3A38 /* Rawline-Regular.ttf in Resources */,
				88569DE71F656DC9005B3A38 /* ReadMeServiceLayer in Resources */,
				88569DBB1F656C4E005B3A38 /* LaunchScreen.storyboard in Resources */,
				88569E2B1F66211C005B3A38 /* Merriweather-Bold.ttf in Resources */,
				88569DB81F656C4E005B3A38 /* Assets.xcassets in Resources */,
				88569DB61F656C4E005B3A38 /* Main.storyboard in Resources */,
			);
			runOnlyForDeploymentPostprocessing = 0;
		};
		88569DBF1F656C4E005B3A38 /* Resources */ = {
			isa = PBXResourcesBuildPhase;
			buildActionMask = 2147483647;
			files = (
			);
			runOnlyForDeploymentPostprocessing = 0;
		};
		88569DCA1F656C4E005B3A38 /* Resources */ = {
			isa = PBXResourcesBuildPhase;
			buildActionMask = 2147483647;
			files = (
			);
			runOnlyForDeploymentPostprocessing = 0;
		};
/* End PBXResourcesBuildPhase section */

/* Begin PBXShellScriptBuildPhase section */
		066E5BE5B54CDF2DE7E7D98B /* [CP] Check Pods Manifest.lock */ = {
			isa = PBXShellScriptBuildPhase;
			buildActionMask = 2147483647;
			files = (
			);
			inputPaths = (
			);
			name = "[CP] Check Pods Manifest.lock";
			outputPaths = (
			);
			runOnlyForDeploymentPostprocessing = 0;
			shellPath = /bin/sh;
			shellScript = "diff \"${PODS_ROOT}/../Podfile.lock\" \"${PODS_ROOT}/Manifest.lock\" > /dev/null\nif [ $? != 0 ] ; then\n    # print error to STDERR\n    echo \"error: The sandbox is not in sync with the Podfile.lock. Run 'pod install' or update your CocoaPods installation.\" >&2\n    exit 1\nfi\n";
			showEnvVarsInLog = 0;
		};
		6F7D6BA0C77B1D3265DC6E4B /* [CP] Embed Pods Frameworks */ = {
			isa = PBXShellScriptBuildPhase;
			buildActionMask = 2147483647;
			files = (
			);
			inputPaths = (
			);
			name = "[CP] Embed Pods Frameworks";
			outputPaths = (
			);
			runOnlyForDeploymentPostprocessing = 0;
			shellPath = /bin/sh;
			shellScript = "\"${SRCROOT}/Pods/Target Support Files/Pods-ecommerce-generic-appTests/Pods-ecommerce-generic-appTests-frameworks.sh\"\n";
			showEnvVarsInLog = 0;
		};
		73C11EFA079DC9D9417AD856 /* [CP] Copy Pods Resources */ = {
			isa = PBXShellScriptBuildPhase;
			buildActionMask = 2147483647;
			files = (
			);
			inputPaths = (
			);
			name = "[CP] Copy Pods Resources";
			outputPaths = (
			);
			runOnlyForDeploymentPostprocessing = 0;
			shellPath = /bin/sh;
			shellScript = "\"${SRCROOT}/Pods/Target Support Files/Pods-ecommerce-generic-app/Pods-ecommerce-generic-app-resources.sh\"\n";
			showEnvVarsInLog = 0;
		};
		9AA5B909EFA0D07ABC63E0A4 /* [CP] Embed Pods Frameworks */ = {
			isa = PBXShellScriptBuildPhase;
			buildActionMask = 2147483647;
			files = (
			);
			inputPaths = (
			);
			name = "[CP] Embed Pods Frameworks";
			outputPaths = (
			);
			runOnlyForDeploymentPostprocessing = 0;
			shellPath = /bin/sh;
			shellScript = "\"${SRCROOT}/Pods/Target Support Files/Pods-ecommerce-generic-app/Pods-ecommerce-generic-app-frameworks.sh\"\n";
			showEnvVarsInLog = 0;
		};
		B9604CA444B84D7E066377AB /* [CP] Copy Pods Resources */ = {
			isa = PBXShellScriptBuildPhase;
			buildActionMask = 2147483647;
			files = (
			);
			inputPaths = (
			);
			name = "[CP] Copy Pods Resources";
			outputPaths = (
			);
			runOnlyForDeploymentPostprocessing = 0;
			shellPath = /bin/sh;
			shellScript = "\"${SRCROOT}/Pods/Target Support Files/Pods-ecommerce-generic-appUITests/Pods-ecommerce-generic-appUITests-resources.sh\"\n";
			showEnvVarsInLog = 0;
		};
		C3B68A5557BE623E5EF4A7A3 /* [CP] Check Pods Manifest.lock */ = {
			isa = PBXShellScriptBuildPhase;
			buildActionMask = 2147483647;
			files = (
			);
			inputPaths = (
			);
			name = "[CP] Check Pods Manifest.lock";
			outputPaths = (
			);
			runOnlyForDeploymentPostprocessing = 0;
			shellPath = /bin/sh;
			shellScript = "diff \"${PODS_ROOT}/../Podfile.lock\" \"${PODS_ROOT}/Manifest.lock\" > /dev/null\nif [ $? != 0 ] ; then\n    # print error to STDERR\n    echo \"error: The sandbox is not in sync with the Podfile.lock. Run 'pod install' or update your CocoaPods installation.\" >&2\n    exit 1\nfi\n";
			showEnvVarsInLog = 0;
		};
		CEF0223DFFD5E15752B45A6B /* [CP] Copy Pods Resources */ = {
			isa = PBXShellScriptBuildPhase;
			buildActionMask = 2147483647;
			files = (
			);
			inputPaths = (
			);
			name = "[CP] Copy Pods Resources";
			outputPaths = (
			);
			runOnlyForDeploymentPostprocessing = 0;
			shellPath = /bin/sh;
			shellScript = "\"${SRCROOT}/Pods/Target Support Files/Pods-ecommerce-generic-appTests/Pods-ecommerce-generic-appTests-resources.sh\"\n";
			showEnvVarsInLog = 0;
		};
		D308E29E05CF5408564BC75B /* [CP] Embed Pods Frameworks */ = {
			isa = PBXShellScriptBuildPhase;
			buildActionMask = 2147483647;
			files = (
			);
			inputPaths = (
			);
			name = "[CP] Embed Pods Frameworks";
			outputPaths = (
			);
			runOnlyForDeploymentPostprocessing = 0;
			shellPath = /bin/sh;
			shellScript = "\"${SRCROOT}/Pods/Target Support Files/Pods-ecommerce-generic-appUITests/Pods-ecommerce-generic-appUITests-frameworks.sh\"\n";
			showEnvVarsInLog = 0;
		};
		DC37730D42A8DE2EBAB5AC5B /* [CP] Check Pods Manifest.lock */ = {
			isa = PBXShellScriptBuildPhase;
			buildActionMask = 2147483647;
			files = (
			);
			inputPaths = (
			);
			name = "[CP] Check Pods Manifest.lock";
			outputPaths = (
			);
			runOnlyForDeploymentPostprocessing = 0;
			shellPath = /bin/sh;
			shellScript = "diff \"${PODS_ROOT}/../Podfile.lock\" \"${PODS_ROOT}/Manifest.lock\" > /dev/null\nif [ $? != 0 ] ; then\n    # print error to STDERR\n    echo \"error: The sandbox is not in sync with the Podfile.lock. Run 'pod install' or update your CocoaPods installation.\" >&2\n    exit 1\nfi\n";
			showEnvVarsInLog = 0;
		};
/* End PBXShellScriptBuildPhase section */

/* Begin PBXSourcesBuildPhase section */
		88569DA91F656C4E005B3A38 /* Sources */ = {
			isa = PBXSourcesBuildPhase;
			buildActionMask = 2147483647;
			files = (
				88569DFC1F658526005B3A38 /* Application.swift in Sources */,
				88569DB31F656C4E005B3A38 /* ViewController.swift in Sources */,
				88569E321F66229A005B3A38 /* UIStoryboardExtension.swift in Sources */,
				88569E1A1F661618005B3A38 /* UIFontExtension.swift in Sources */,
				88569E1C1F6616A9005B3A38 /* UIDeviceExtension.swift in Sources */,
				88569DF61F658377005B3A38 /* HomePage.swift in Sources */,
				88569DF21F657589005B3A38 /* NetworkProvider.swift in Sources */,
				88569DFE1F658533005B3A38 /* Router.swift in Sources */,
				88569DFA1F65842C005B3A38 /* CommonServiceImpl.swift in Sources */,
				88569E231F661AC1005B3A38 /* UIHelper.swift in Sources */,
				88569E001F658632005B3A38 /* APIUrls.swift in Sources */,
				88569E081F661308005B3A38 /* HomePageVC.swift in Sources */,
				88569E0C1F661340005B3A38 /* BaseVC.swift in Sources */,
				88569E0A1F661323005B3A38 /* HomePageViewModel.swift in Sources */,
				88569DF41F657E65005B3A38 /* CommonServiceProtocol.swift in Sources */,
				88569E181F6615B9005B3A38 /* UIColorExtension.swift in Sources */,
				88569E101F6613D3005B3A38 /* ErrorView.swift in Sources */,
				88569DB11F656C4E005B3A38 /* AppDelegate.swift in Sources */,
				88569DF01F657121005B3A38 /* Network.swift in Sources */,
				88569E151F661469005B3A38 /* MaterialButton.swift in Sources */,
			);
			runOnlyForDeploymentPostprocessing = 0;
		};
		88569DBD1F656C4E005B3A38 /* Sources */ = {
			isa = PBXSourcesBuildPhase;
			buildActionMask = 2147483647;
			files = (
				88569DC61F656C4E005B3A38 /* ecommerce_generic_appTests.swift in Sources */,
			);
			runOnlyForDeploymentPostprocessing = 0;
		};
		88569DC81F656C4E005B3A38 /* Sources */ = {
			isa = PBXSourcesBuildPhase;
			buildActionMask = 2147483647;
			files = (
				88569DD11F656C4E005B3A38 /* ecommerce_generic_appUITests.swift in Sources */,
			);
			runOnlyForDeploymentPostprocessing = 0;
		};
/* End PBXSourcesBuildPhase section */

/* Begin PBXTargetDependency section */
		88569DC31F656C4E005B3A38 /* PBXTargetDependency */ = {
			isa = PBXTargetDependency;
			target = 88569DAC1F656C4E005B3A38 /* ecommerce-generic-app */;
			targetProxy = 88569DC21F656C4E005B3A38 /* PBXContainerItemProxy */;
		};
		88569DCE1F656C4E005B3A38 /* PBXTargetDependency */ = {
			isa = PBXTargetDependency;
			target = 88569DAC1F656C4E005B3A38 /* ecommerce-generic-app */;
			targetProxy = 88569DCD1F656C4E005B3A38 /* PBXContainerItemProxy */;
		};
/* End PBXTargetDependency section */

/* Begin PBXVariantGroup section */
		88569DB41F656C4E005B3A38 /* Main.storyboard */ = {
			isa = PBXVariantGroup;
			children = (
				88569DB51F656C4E005B3A38 /* Base */,
			);
			name = Main.storyboard;
			sourceTree = "<group>";
		};
		88569DB91F656C4E005B3A38 /* LaunchScreen.storyboard */ = {
			isa = PBXVariantGroup;
			children = (
				88569DBA1F656C4E005B3A38 /* Base */,
			);
			name = LaunchScreen.storyboard;
			sourceTree = "<group>";
		};
/* End PBXVariantGroup section */

/* Begin XCBuildConfiguration section */
		88569DD31F656C4E005B3A38 /* Debug */ = {
			isa = XCBuildConfiguration;
			buildSettings = {
				ALWAYS_SEARCH_USER_PATHS = NO;
				CLANG_ANALYZER_NONNULL = YES;
				CLANG_CXX_LANGUAGE_STANDARD = "gnu++0x";
				CLANG_CXX_LIBRARY = "libc++";
				CLANG_ENABLE_MODULES = YES;
				CLANG_ENABLE_OBJC_ARC = YES;
				CLANG_WARN_BOOL_CONVERSION = YES;
				CLANG_WARN_CONSTANT_CONVERSION = YES;
				CLANG_WARN_DIRECT_OBJC_ISA_USAGE = YES_ERROR;
				CLANG_WARN_DOCUMENTATION_COMMENTS = YES;
				CLANG_WARN_EMPTY_BODY = YES;
				CLANG_WARN_ENUM_CONVERSION = YES;
				CLANG_WARN_INFINITE_RECURSION = YES;
				CLANG_WARN_INT_CONVERSION = YES;
				CLANG_WARN_OBJC_ROOT_CLASS = YES_ERROR;
				CLANG_WARN_SUSPICIOUS_MOVE = YES;
				CLANG_WARN_UNREACHABLE_CODE = YES;
				CLANG_WARN__DUPLICATE_METHOD_MATCH = YES;
				"CODE_SIGN_IDENTITY[sdk=iphoneos*]" = "iPhone Developer";
				COPY_PHASE_STRIP = NO;
				DEBUG_INFORMATION_FORMAT = dwarf;
				ENABLE_STRICT_OBJC_MSGSEND = YES;
				ENABLE_TESTABILITY = YES;
				GCC_C_LANGUAGE_STANDARD = gnu99;
				GCC_DYNAMIC_NO_PIC = NO;
				GCC_NO_COMMON_BLOCKS = YES;
				GCC_OPTIMIZATION_LEVEL = 0;
				GCC_PREPROCESSOR_DEFINITIONS = (
					"DEBUG=1",
					"$(inherited)",
				);
				GCC_WARN_64_TO_32_BIT_CONVERSION = YES;
				GCC_WARN_ABOUT_RETURN_TYPE = YES_ERROR;
				GCC_WARN_UNDECLARED_SELECTOR = YES;
				GCC_WARN_UNINITIALIZED_AUTOS = YES_AGGRESSIVE;
				GCC_WARN_UNUSED_FUNCTION = YES;
				GCC_WARN_UNUSED_VARIABLE = YES;
				IPHONEOS_DEPLOYMENT_TARGET = 10.2;
				MTL_ENABLE_DEBUG_INFO = YES;
				ONLY_ACTIVE_ARCH = YES;
				SDKROOT = iphoneos;
				SWIFT_ACTIVE_COMPILATION_CONDITIONS = DEBUG;
				SWIFT_OPTIMIZATION_LEVEL = "-Onone";
				TARGETED_DEVICE_FAMILY = "1,2";
			};
			name = Debug;
		};
		88569DD41F656C4E005B3A38 /* Release */ = {
			isa = XCBuildConfiguration;
			buildSettings = {
				ALWAYS_SEARCH_USER_PATHS = NO;
				CLANG_ANALYZER_NONNULL = YES;
				CLANG_CXX_LANGUAGE_STANDARD = "gnu++0x";
				CLANG_CXX_LIBRARY = "libc++";
				CLANG_ENABLE_MODULES = YES;
				CLANG_ENABLE_OBJC_ARC = YES;
				CLANG_WARN_BOOL_CONVERSION = YES;
				CLANG_WARN_CONSTANT_CONVERSION = YES;
				CLANG_WARN_DIRECT_OBJC_ISA_USAGE = YES_ERROR;
				CLANG_WARN_DOCUMENTATION_COMMENTS = YES;
				CLANG_WARN_EMPTY_BODY = YES;
				CLANG_WARN_ENUM_CONVERSION = YES;
				CLANG_WARN_INFINITE_RECURSION = YES;
				CLANG_WARN_INT_CONVERSION = YES;
				CLANG_WARN_OBJC_ROOT_CLASS = YES_ERROR;
				CLANG_WARN_SUSPICIOUS_MOVE = YES;
				CLANG_WARN_UNREACHABLE_CODE = YES;
				CLANG_WARN__DUPLICATE_METHOD_MATCH = YES;
				"CODE_SIGN_IDENTITY[sdk=iphoneos*]" = "iPhone Developer";
				COPY_PHASE_STRIP = NO;
				DEBUG_INFORMATION_FORMAT = "dwarf-with-dsym";
				ENABLE_NS_ASSERTIONS = NO;
				ENABLE_STRICT_OBJC_MSGSEND = YES;
				GCC_C_LANGUAGE_STANDARD = gnu99;
				GCC_NO_COMMON_BLOCKS = YES;
				GCC_WARN_64_TO_32_BIT_CONVERSION = YES;
				GCC_WARN_ABOUT_RETURN_TYPE = YES_ERROR;
				GCC_WARN_UNDECLARED_SELECTOR = YES;
				GCC_WARN_UNINITIALIZED_AUTOS = YES_AGGRESSIVE;
				GCC_WARN_UNUSED_FUNCTION = YES;
				GCC_WARN_UNUSED_VARIABLE = YES;
				IPHONEOS_DEPLOYMENT_TARGET = 10.2;
				MTL_ENABLE_DEBUG_INFO = NO;
				SDKROOT = iphoneos;
				SWIFT_OPTIMIZATION_LEVEL = "-Owholemodule";
				TARGETED_DEVICE_FAMILY = "1,2";
				VALIDATE_PRODUCT = YES;
			};
			name = Release;
		};
		88569DD61F656C4E005B3A38 /* Debug */ = {
			isa = XCBuildConfiguration;
			baseConfigurationReference = 3FF61786E3F011B556F2CFAF /* Pods-ecommerce-generic-app.debug.xcconfig */;
			buildSettings = {
				ASSETCATALOG_COMPILER_APPICON_NAME = AppIcon;
				DEVELOPMENT_TEAM = M35DLYREN6;
				INFOPLIST_FILE = "ecommerce-generic-app/Info.plist";
				LD_RUNPATH_SEARCH_PATHS = "$(inherited) @executable_path/Frameworks";
				PRODUCT_BUNDLE_IDENTIFIER = "com.ansu.ecommerce-generic-app";
				PRODUCT_NAME = "$(TARGET_NAME)";
				SWIFT_VERSION = 3.0;
			};
			name = Debug;
		};
		88569DD71F656C4E005B3A38 /* Release */ = {
			isa = XCBuildConfiguration;
			baseConfigurationReference = E999AE068C72BAAE985BA31A /* Pods-ecommerce-generic-app.release.xcconfig */;
			buildSettings = {
				ASSETCATALOG_COMPILER_APPICON_NAME = AppIcon;
				DEVELOPMENT_TEAM = M35DLYREN6;
				INFOPLIST_FILE = "ecommerce-generic-app/Info.plist";
				LD_RUNPATH_SEARCH_PATHS = "$(inherited) @executable_path/Frameworks";
				PRODUCT_BUNDLE_IDENTIFIER = "com.ansu.ecommerce-generic-app";
				PRODUCT_NAME = "$(TARGET_NAME)";
				SWIFT_VERSION = 3.0;
			};
			name = Release;
		};
		88569DD91F656C4E005B3A38 /* Debug */ = {
			isa = XCBuildConfiguration;
			baseConfigurationReference = 38555E8BFB41C1D13B981735 /* Pods-ecommerce-generic-appTests.debug.xcconfig */;
			buildSettings = {
				ALWAYS_EMBED_SWIFT_STANDARD_LIBRARIES = YES;
				BUNDLE_LOADER = "$(TEST_HOST)";
				DEVELOPMENT_TEAM = M35DLYREN6;
				INFOPLIST_FILE = "ecommerce-generic-appTests/Info.plist";
				LD_RUNPATH_SEARCH_PATHS = "$(inherited) @executable_path/Frameworks @loader_path/Frameworks";
				PRODUCT_BUNDLE_IDENTIFIER = "com.ansu.ecommerce-generic-appTests";
				PRODUCT_NAME = "$(TARGET_NAME)";
				SWIFT_VERSION = 3.0;
				TEST_HOST = "$(BUILT_PRODUCTS_DIR)/ecommerce-generic-app.app/ecommerce-generic-app";
			};
			name = Debug;
		};
		88569DDA1F656C4E005B3A38 /* Release */ = {
			isa = XCBuildConfiguration;
			baseConfigurationReference = E0D02BF6FA8909DCE1889BC1 /* Pods-ecommerce-generic-appTests.release.xcconfig */;
			buildSettings = {
				ALWAYS_EMBED_SWIFT_STANDARD_LIBRARIES = YES;
				BUNDLE_LOADER = "$(TEST_HOST)";
				DEVELOPMENT_TEAM = M35DLYREN6;
				INFOPLIST_FILE = "ecommerce-generic-appTests/Info.plist";
				LD_RUNPATH_SEARCH_PATHS = "$(inherited) @executable_path/Frameworks @loader_path/Frameworks";
				PRODUCT_BUNDLE_IDENTIFIER = "com.ansu.ecommerce-generic-appTests";
				PRODUCT_NAME = "$(TARGET_NAME)";
				SWIFT_VERSION = 3.0;
				TEST_HOST = "$(BUILT_PRODUCTS_DIR)/ecommerce-generic-app.app/ecommerce-generic-app";
			};
			name = Release;
		};
		88569DDC1F656C4E005B3A38 /* Debug */ = {
			isa = XCBuildConfiguration;
			baseConfigurationReference = 42E75A2F3F189CB870B90E1D /* Pods-ecommerce-generic-appUITests.debug.xcconfig */;
			buildSettings = {
				ALWAYS_EMBED_SWIFT_STANDARD_LIBRARIES = YES;
				DEVELOPMENT_TEAM = M35DLYREN6;
				INFOPLIST_FILE = "ecommerce-generic-appUITests/Info.plist";
				LD_RUNPATH_SEARCH_PATHS = "$(inherited) @executable_path/Frameworks @loader_path/Frameworks";
				PRODUCT_BUNDLE_IDENTIFIER = "com.ansu.ecommerce-generic-appUITests";
				PRODUCT_NAME = "$(TARGET_NAME)";
				SWIFT_VERSION = 3.0;
				TEST_TARGET_NAME = "ecommerce-generic-app";
			};
			name = Debug;
		};
		88569DDD1F656C4E005B3A38 /* Release */ = {
			isa = XCBuildConfiguration;
			baseConfigurationReference = 62AD29A6DE21F6FAEF60DB79 /* Pods-ecommerce-generic-appUITests.release.xcconfig */;
			buildSettings = {
				ALWAYS_EMBED_SWIFT_STANDARD_LIBRARIES = YES;
				DEVELOPMENT_TEAM = M35DLYREN6;
				INFOPLIST_FILE = "ecommerce-generic-appUITests/Info.plist";
				LD_RUNPATH_SEARCH_PATHS = "$(inherited) @executable_path/Frameworks @loader_path/Frameworks";
				PRODUCT_BUNDLE_IDENTIFIER = "com.ansu.ecommerce-generic-appUITests";
				PRODUCT_NAME = "$(TARGET_NAME)";
				SWIFT_VERSION = 3.0;
				TEST_TARGET_NAME = "ecommerce-generic-app";
			};
			name = Release;
		};
/* End XCBuildConfiguration section */

/* Begin XCConfigurationList section */
		88569DA81F656C4E005B3A38 /* Build configuration list for PBXProject "ecommerce-generic-app" */ = {
			isa = XCConfigurationList;
			buildConfigurations = (
				88569DD31F656C4E005B3A38 /* Debug */,
				88569DD41F656C4E005B3A38 /* Release */,
			);
			defaultConfigurationIsVisible = 0;
			defaultConfigurationName = Release;
		};
		88569DD51F656C4E005B3A38 /* Build configuration list for PBXNativeTarget "ecommerce-generic-app" */ = {
			isa = XCConfigurationList;
			buildConfigurations = (
				88569DD61F656C4E005B3A38 /* Debug */,
				88569DD71F656C4E005B3A38 /* Release */,
			);
			defaultConfigurationIsVisible = 0;
			defaultConfigurationName = Release;
		};
		88569DD81F656C4E005B3A38 /* Build configuration list for PBXNativeTarget "ecommerce-generic-appTests" */ = {
			isa = XCConfigurationList;
			buildConfigurations = (
				88569DD91F656C4E005B3A38 /* Debug */,
				88569DDA1F656C4E005B3A38 /* Release */,
			);
			defaultConfigurationIsVisible = 0;
			defaultConfigurationName = Release;
		};
		88569DDB1F656C4E005B3A38 /* Build configuration list for PBXNativeTarget "ecommerce-generic-appUITests" */ = {
			isa = XCConfigurationList;
			buildConfigurations = (
				88569DDC1F656C4E005B3A38 /* Debug */,
				88569DDD1F656C4E005B3A38 /* Release */,
			);
			defaultConfigurationIsVisible = 0;
			defaultConfigurationName = Release;
		};
/* End XCConfigurationList section */
	};
	rootObject = 88569DA51F656C4E005B3A38 /* Project object */;
}
